
Microsoft Visual Studio Solution File, Format Version 12.00
# Visual Studio Version 16
VisualStudioVersion = 16.0.31911.196
MinimumVisualStudioVersion = 10.0.40219.1
Project("{9A19103F-16F7-4668-BE54-9A1E7A4F7556}") = "AulaMVC", "AulaMVC\AulaMVC.csproj", "{02FBF832-B3BC-41B8-8E4A-919366BB02E7}"
EndProject
Project("{9A19103F-16F7-4668-BE54-9A1E7A4F7556}") = "AulaAPI", "..\AulaAPI\AulaAPI\AulaAPI.csproj", "{FBAD3853-7D59-435C-A6D4-D9D70DA9A789}"
EndProject
Global
	GlobalSection(SolutionConfigurationPlatforms) = preSolution
		Debug|Any CPU = Debug|Any CPU
		Release|Any CPU = Release|Any CPU
	EndGlobalSection
	GlobalSection(ProjectConfigurationPlatforms) = postSolution
		{02FBF832-B3BC-41B8-8E4A-919366BB02E7}.Debug|Any CPU.ActiveCfg = Debug|Any CPU
		{02FBF832-B3BC-41B8-8E4A-919366BB02E7}.Debug|Any CPU.Build.0 = Debug|Any CPU
		{02FBF832-B3BC-41B8-8E4A-919366BB02E7}.Release|Any CPU.ActiveCfg = Release|Any CPU
		{02FBF832-B3BC-41B8-8E4A-919366BB02E7}.Release|Any CPU.Build.0 = Release|Any CPU
		{FBAD3853-7D59-435C-A6D4-D9D70DA9A789}.Debug|Any CPU.ActiveCfg = Debug|Any CPU
		{FBAD3853-7D59-435C-A6D4-D9D70DA9A789}.Debug|Any CPU.Build.0 = Debug|Any CPU
		{FBAD3853-7D59-435C-A6D4-D9D70DA9A789}.Release|Any CPU.ActiveCfg = Release|Any CPU
		{FBAD3853-7D59-435C-A6D4-D9D70DA9A789}.Release|Any CPU.Build.0 = Release|Any CPU
	EndGlobalSection
	GlobalSection(SolutionProperties) = preSolution
		HideSolutionNode = FALSE
	EndGlobalSection
	GlobalSection(ExtensibilityGlobals) = postSolution
		SolutionGuid = {FC90B0E7-EA5E-47C0-89C0-2C6C3530A75E}
	EndGlobalSection
EndGlobal
